
Microsoft Visual Studio Solution File, Format Version 12.00
# Visual Studio Version 16
VisualStudioVersion = 16.0.31729.503
MinimumVisualStudioVersion = 10.0.40219.1
Project("{FAE04EC0-301F-11D3-BF4B-00C04F79EFBC}") = "materias1", "materias1\materias1.csproj", "{9AEEE652-64C5-4EA0-AC6B-A9005467AB67}"
EndProject
Project("{2150E333-8FDC-42A3-9474-1A3956D46DE8}") = "Solution Items", "Solution Items", "{BD681626-F86C-43DA-A225-FE90D7618EE5}"
EndProject
Global
	GlobalSection(SolutionConfigurationPlatforms) = preSolution
		Debug|Any CPU = Debug|Any CPU
		Release|Any CPU = Release|Any CPU
	EndGlobalSection
	GlobalSection(ProjectConfigurationPlatforms) = postSolution
		{9AEEE652-64C5-4EA0-AC6B-A9005467AB67}.Debug|Any CPU.ActiveCfg = Debug|Any CPU
		{9AEEE652-64C5-4EA0-AC6B-A9005467AB67}.Debug|Any CPU.Build.0 = Debug|Any CPU
		{9AEEE652-64C5-4EA0-AC6B-A9005467AB67}.Release|Any CPU.ActiveCfg = Release|Any CPU
		{9AEEE652-64C5-4EA0-AC6B-A9005467AB67}.Release|Any CPU.Build.0 = Release|Any CPU
	EndGlobalSection
	GlobalSection(SolutionProperties) = preSolution
		HideSolutionNode = FALSE
	EndGlobalSection
	GlobalSection(ExtensibilityGlobals) = postSolution
		SolutionGuid = {2C9D581D-9538-450D-A0F2-40CB782820D2}
	EndGlobalSection
EndGlobal
